
Microsoft Visual Studio Solution File, Format Version 12.00
# Visual Studio Version 16
VisualStudioVersion = 16.0.31112.23
MinimumVisualStudioVersion = 10.0.40219.1
Project("{9A19103F-16F7-4668-BE54-9A1E7A4F7556}") = "Sklep", "SklepInternetowy\Sklep.csproj", "{4FBEAB27-82E4-42DE-A136-9227DCC5B4D4}"
EndProject
Project("{2150E333-8FDC-42A3-9474-1A3956D46DE8}") = "Solution Items", "Solution Items", "{A5F70E23-B45D-4B2A-9606-38BC192F10AE}"
	ProjectSection(SolutionItems) = preProject
		.editorconfig = .editorconfig
	EndProjectSection
EndProject
Project("{9A19103F-16F7-4668-BE54-9A1E7A4F7556}") = "WpfControlLibrary", "WpfControlLibrary\WpfControlLibrary.csproj", "{F341EC4D-7AF3-4E05-9713-50311B8599AE}"
EndProject
Global
	GlobalSection(SolutionConfigurationPlatforms) = preSolution
		Debug|Any CPU = Debug|Any CPU
		Release|Any CPU = Release|Any CPU
	EndGlobalSection
	GlobalSection(ProjectConfigurationPlatforms) = postSolution
		{4FBEAB27-82E4-42DE-A136-9227DCC5B4D4}.Debug|Any CPU.ActiveCfg = Debug|Any CPU
		{4FBEAB27-82E4-42DE-A136-9227DCC5B4D4}.Debug|Any CPU.Build.0 = Debug|Any CPU
		{4FBEAB27-82E4-42DE-A136-9227DCC5B4D4}.Release|Any CPU.ActiveCfg = Release|Any CPU
		{4FBEAB27-82E4-42DE-A136-9227DCC5B4D4}.Release|Any CPU.Build.0 = Release|Any CPU
		{F341EC4D-7AF3-4E05-9713-50311B8599AE}.Debug|Any CPU.ActiveCfg = Debug|Any CPU
		{F341EC4D-7AF3-4E05-9713-50311B8599AE}.Debug|Any CPU.Build.0 = Debug|Any CPU
		{F341EC4D-7AF3-4E05-9713-50311B8599AE}.Release|Any CPU.ActiveCfg = Release|Any CPU
		{F341EC4D-7AF3-4E05-9713-50311B8599AE}.Release|Any CPU.Build.0 = Release|Any CPU
	EndGlobalSection
	GlobalSection(SolutionProperties) = preSolution
		HideSolutionNode = FALSE
	EndGlobalSection
	GlobalSection(ExtensibilityGlobals) = postSolution
		SolutionGuid = {C0ECED47-C1D7-47E4-A8FD-03C80F43043A}
	EndGlobalSection
EndGlobal
